
Microsoft Visual Studio Solution File, Format Version 12.00
# Visual Studio 2012
Project("{f2a71f9b-5d33-465a-a702-920d77279786}") = "Consensus", "Consensus\Consensus.fsproj", "{50605A21-04D2-4E72-B943-32F24676373D}"
EndProject
Project("{FAE04EC0-301F-11D3-BF4B-00C04F79EFBC}") = "Compatibility", "Compatibility\Compatibility.csproj", "{7745B74E-F9A4-4E4B-AC06-FCB2CA83904B}"
EndProject
Project("{FAE04EC0-301F-11D3-BF4B-00C04F79EFBC}") = "BLockChain.Tests", "Store.Tests\BLockChain.Tests.csproj", "{AC531A6E-F0A3-487D-883C-89BBA901A5F8}"
EndProject
Project("{FAE04EC0-301F-11D3-BF4B-00C04F79EFBC}") = "Infrastructure", "Infrastructure\Infrastructure.csproj", "{D2BB0027-CC55-47A2-8EFA-1AFEFB937433}"
EndProject
Project("{FAE04EC0-301F-11D3-BF4B-00C04F79EFBC}") = "Infrastructure.Testing", "Infrastructure.Testing\Infrastructure.Testing.csproj", "{D3641686-BDB9-4399-8B53-10897DD26337}"
EndProject
Project("{FAE04EC0-301F-11D3-BF4B-00C04F79EFBC}") = "Compatability.Tests", "Compatability.Tests\Compatability.Tests.csproj", "{D7156357-AC86-41BD-AF6E-14C9D545CD1D}"
EndProject
Project("{FAE04EC0-301F-11D3-BF4B-00C04F79EFBC}") = "BlockChain", "BlockChain\BlockChain.csproj", "{9D566AD5-659D-4042-A5CA-F804287CA992}"
EndProject
Project("{FAE04EC0-301F-11D3-BF4B-00C04F79EFBC}") = "Store", "Store\Store.csproj", "{1D6CF29D-253C-44BB-813A-701676A1349F}"
EndProject
Project("{FAE04EC0-301F-11D3-BF4B-00C04F79EFBC}") = "NodeTester", "NodeTester\NodeTester.csproj", "{7469FE62-A886-460D-8439-8048AF6514A1}"
EndProject
Project("{FAE04EC0-301F-11D3-BF4B-00C04F79EFBC}") = "NBitcoinDerive", "NBitcoinDerive\NBitcoinDerive.csproj", "{4741344C-3334-42C6-B3BF-5AB10280E6C4}"
EndProject
Project("{FAE04EC0-301F-11D3-BF4B-00C04F79EFBC}") = "Infrastructure.TestingGtk", "Infrastructure.TestingGtk\Infrastructure.TestingGtk.csproj", "{47C1CEF5-5440-46C8-A8D0-9AE4D0FA1822}"
EndProject
Project("{FAE04EC0-301F-11D3-BF4B-00C04F79EFBC}") = "GUI", "Wallet\GUI.csproj", "{6B1189D4-2B5A-4764-A1D7-6E8258730303}"
EndProject
Project("{FAE04EC0-301F-11D3-BF4B-00C04F79EFBC}") = "Wallet.core", "Wallet.core\Wallet.core.csproj", "{489ED2E1-7304-41F1-9D6C-2FF3E0532BA8}"
EndProject
Project("{FAE04EC0-301F-11D3-BF4B-00C04F79EFBC}") = "Infrastructure.Console", "Infrastructure.Console\Infrastructure.Console.csproj", "{E68F4BCB-98B7-4EA9-97E2-5758D00B604A}"
EndProject
Project("{FAE04EC0-301F-11D3-BF4B-00C04F79EFBC}") = "Infrastructure.Testing.Blockchain", "Infrastructure.Testing.Blockchain\Infrastructure.Testing.Blockchain.csproj", "{75798183-9B5D-4CB3-80BD-644CAF13F317}"
EndProject
Project("{FAE04EC0-301F-11D3-BF4B-00C04F79EFBC}") = "Zen", "Zen\Zen.csproj", "{1F030257-FBB4-4538-BBD8-4B241FD73B13}"
EndProject
Project("{FAE04EC0-301F-11D3-BF4B-00C04F79EFBC}") = "Zen.CLRCLI", "Zen.CLRCLI\Zen.CLRCLI.csproj", "{29BB24E8-D6C7-403E-8B7C-DC65765E342B}"
EndProject
Project("{9344BDBB-3E7F-41FC-A0DD-8665D75EE146}") = "TestMsgPack", "TestMsgPack\TestMsgPack.fsproj", "{F6BFD9D2-3FD1-457C-8679-E8C47A29BD39}"
EndProject
Project("{9344BDBB-3E7F-41FC-A0DD-8665D75EE146}") = "NodeCore", "NodeCore\NodeCore.csproj", "{7A098536-0060-4276-A0D5-1BCCD42A656A}"
EndProject
Project("{9344BDBB-3E7F-41FC-A0DD-8665D75EE146}") = "NBitcoinDerive.Tests", "NBitcoinDerive.Tests\NBitcoinDerive.Tests.csproj", "{FB13A29D-4490-470D-84AD-E1CECAD09E04}"
EndProject
Project("{9344BDBB-3E7F-41FC-A0DD-8665D75EE146}") = "NodeConsole", "NodeConsole\NodeConsole.csproj", "{911027CC-F693-4117-9A63-C502D1EF9D1B}"
EndProject
Global
	GlobalSection(SolutionConfigurationPlatforms) = preSolution
		Debug|x86 = Debug|x86
		Release|x86 = Release|x86
	EndGlobalSection
	GlobalSection(ProjectConfigurationPlatforms) = postSolution
		{1D6CF29D-253C-44BB-813A-701676A1349F}.Debug|x86.ActiveCfg = Debug|Any CPU
		{1D6CF29D-253C-44BB-813A-701676A1349F}.Debug|x86.Build.0 = Debug|Any CPU
		{1D6CF29D-253C-44BB-813A-701676A1349F}.Release|x86.ActiveCfg = Release|Any CPU
		{1D6CF29D-253C-44BB-813A-701676A1349F}.Release|x86.Build.0 = Release|Any CPU
		{1F030257-FBB4-4538-BBD8-4B241FD73B13}.Debug|x86.ActiveCfg = Debug|x86
		{1F030257-FBB4-4538-BBD8-4B241FD73B13}.Debug|x86.Build.0 = Debug|x86
		{1F030257-FBB4-4538-BBD8-4B241FD73B13}.Release|x86.ActiveCfg = Release|x86
		{1F030257-FBB4-4538-BBD8-4B241FD73B13}.Release|x86.Build.0 = Release|x86
		{4741344C-3334-42C6-B3BF-5AB10280E6C4}.Debug|x86.ActiveCfg = Debug|Any CPU
		{4741344C-3334-42C6-B3BF-5AB10280E6C4}.Debug|x86.Build.0 = Debug|Any CPU
		{4741344C-3334-42C6-B3BF-5AB10280E6C4}.Release|x86.ActiveCfg = Release|Any CPU
		{4741344C-3334-42C6-B3BF-5AB10280E6C4}.Release|x86.Build.0 = Release|Any CPU
		{47C1CEF5-5440-46C8-A8D0-9AE4D0FA1822}.Debug|x86.ActiveCfg = Debug|Any CPU
		{47C1CEF5-5440-46C8-A8D0-9AE4D0FA1822}.Debug|x86.Build.0 = Debug|Any CPU
		{47C1CEF5-5440-46C8-A8D0-9AE4D0FA1822}.Release|x86.ActiveCfg = Release|Any CPU
		{47C1CEF5-5440-46C8-A8D0-9AE4D0FA1822}.Release|x86.Build.0 = Release|Any CPU
		{489ED2E1-7304-41F1-9D6C-2FF3E0532BA8}.Debug|x86.ActiveCfg = Debug|Any CPU
		{489ED2E1-7304-41F1-9D6C-2FF3E0532BA8}.Debug|x86.Build.0 = Debug|Any CPU
		{489ED2E1-7304-41F1-9D6C-2FF3E0532BA8}.Release|x86.ActiveCfg = Release|Any CPU
		{489ED2E1-7304-41F1-9D6C-2FF3E0532BA8}.Release|x86.Build.0 = Release|Any CPU
		{50605A21-04D2-4E72-B943-32F24676373D}.Debug|x86.ActiveCfg = Debug|Any CPU
		{50605A21-04D2-4E72-B943-32F24676373D}.Debug|x86.Build.0 = Debug|Any CPU
		{50605A21-04D2-4E72-B943-32F24676373D}.Release|x86.ActiveCfg = Release|Any CPU
		{50605A21-04D2-4E72-B943-32F24676373D}.Release|x86.Build.0 = Release|Any CPU
		{6B1189D4-2B5A-4764-A1D7-6E8258730303}.Debug|x86.ActiveCfg = Debug|x86
		{6B1189D4-2B5A-4764-A1D7-6E8258730303}.Debug|x86.Build.0 = Debug|x86
		{6B1189D4-2B5A-4764-A1D7-6E8258730303}.Release|x86.ActiveCfg = Release|x86
		{6B1189D4-2B5A-4764-A1D7-6E8258730303}.Release|x86.Build.0 = Release|x86
		{7469FE62-A886-460D-8439-8048AF6514A1}.Debug|x86.ActiveCfg = Debug|Any CPU
		{7469FE62-A886-460D-8439-8048AF6514A1}.Debug|x86.Build.0 = Debug|Any CPU
		{7469FE62-A886-460D-8439-8048AF6514A1}.Release|x86.ActiveCfg = Release|Any CPU
		{7469FE62-A886-460D-8439-8048AF6514A1}.Release|x86.Build.0 = Release|Any CPU
		{75798183-9B5D-4CB3-80BD-644CAF13F317}.Debug|x86.ActiveCfg = Debug|x86
		{75798183-9B5D-4CB3-80BD-644CAF13F317}.Debug|x86.Build.0 = Debug|x86
		{75798183-9B5D-4CB3-80BD-644CAF13F317}.Release|x86.ActiveCfg = Release|x86
		{75798183-9B5D-4CB3-80BD-644CAF13F317}.Release|x86.Build.0 = Release|x86
		{7745B74E-F9A4-4E4B-AC06-FCB2CA83904B}.Debug|x86.ActiveCfg = Debug|x86
		{7745B74E-F9A4-4E4B-AC06-FCB2CA83904B}.Debug|x86.Build.0 = Debug|x86
		{7745B74E-F9A4-4E4B-AC06-FCB2CA83904B}.Release|x86.ActiveCfg = Release|x86
		{7745B74E-F9A4-4E4B-AC06-FCB2CA83904B}.Release|x86.Build.0 = Release|x86
		{9D566AD5-659D-4042-A5CA-F804287CA992}.Debug|x86.ActiveCfg = Debug|Any CPU
		{9D566AD5-659D-4042-A5CA-F804287CA992}.Debug|x86.Build.0 = Debug|Any CPU
		{9D566AD5-659D-4042-A5CA-F804287CA992}.Release|x86.ActiveCfg = Release|Any CPU
		{9D566AD5-659D-4042-A5CA-F804287CA992}.Release|x86.Build.0 = Release|Any CPU
		{AC531A6E-F0A3-487D-883C-89BBA901A5F8}.Debug|x86.ActiveCfg = Debug|Any CPU
		{AC531A6E-F0A3-487D-883C-89BBA901A5F8}.Debug|x86.Build.0 = Debug|Any CPU
		{AC531A6E-F0A3-487D-883C-89BBA901A5F8}.Release|x86.ActiveCfg = Release|Any CPU
		{AC531A6E-F0A3-487D-883C-89BBA901A5F8}.Release|x86.Build.0 = Release|Any CPU
		{D2BB0027-CC55-47A2-8EFA-1AFEFB937433}.Debug|x86.ActiveCfg = Debug|Any CPU
		{D2BB0027-CC55-47A2-8EFA-1AFEFB937433}.Debug|x86.Build.0 = Debug|Any CPU
		{D2BB0027-CC55-47A2-8EFA-1AFEFB937433}.Release|x86.ActiveCfg = Release|Any CPU
		{D2BB0027-CC55-47A2-8EFA-1AFEFB937433}.Release|x86.Build.0 = Release|Any CPU
		{D3641686-BDB9-4399-8B53-10897DD26337}.Debug|x86.ActiveCfg = Debug|Any CPU
		{D3641686-BDB9-4399-8B53-10897DD26337}.Debug|x86.Build.0 = Debug|Any CPU
		{D3641686-BDB9-4399-8B53-10897DD26337}.Release|x86.ActiveCfg = Release|Any CPU
		{D3641686-BDB9-4399-8B53-10897DD26337}.Release|x86.Build.0 = Release|Any CPU
		{D7156357-AC86-41BD-AF6E-14C9D545CD1D}.Debug|x86.ActiveCfg = Debug|Any CPU
		{D7156357-AC86-41BD-AF6E-14C9D545CD1D}.Debug|x86.Build.0 = Debug|Any CPU
		{D7156357-AC86-41BD-AF6E-14C9D545CD1D}.Release|x86.ActiveCfg = Release|Any CPU
		{D7156357-AC86-41BD-AF6E-14C9D545CD1D}.Release|x86.Build.0 = Release|Any CPU
		{E68F4BCB-98B7-4EA9-97E2-5758D00B604A}.Debug|x86.ActiveCfg = Debug|Any CPU
		{E68F4BCB-98B7-4EA9-97E2-5758D00B604A}.Debug|x86.Build.0 = Debug|Any CPU
		{E68F4BCB-98B7-4EA9-97E2-5758D00B604A}.Release|x86.ActiveCfg = Release|Any CPU
		{E68F4BCB-98B7-4EA9-97E2-5758D00B604A}.Release|x86.Build.0 = Release|Any CPU
		{29BB24E8-D6C7-403E-8B7C-DC65765E342B}.Debug|x86.ActiveCfg = Debug|x86
		{29BB24E8-D6C7-403E-8B7C-DC65765E342B}.Debug|x86.Build.0 = Debug|x86
		{29BB24E8-D6C7-403E-8B7C-DC65765E342B}.Release|x86.ActiveCfg = Release|x86
		{29BB24E8-D6C7-403E-8B7C-DC65765E342B}.Release|x86.Build.0 = Release|x86
		{F6BFD9D2-3FD1-457C-8679-E8C47A29BD39}.Debug|x86.ActiveCfg = Debug|x86
		{F6BFD9D2-3FD1-457C-8679-E8C47A29BD39}.Debug|x86.Build.0 = Debug|x86
		{F6BFD9D2-3FD1-457C-8679-E8C47A29BD39}.Release|x86.ActiveCfg = Release|x86
		{F6BFD9D2-3FD1-457C-8679-E8C47A29BD39}.Release|x86.Build.0 = Release|x86
		{7A098536-0060-4276-A0D5-1BCCD42A656A}.Debug|x86.ActiveCfg = Debug|Any CPU
		{7A098536-0060-4276-A0D5-1BCCD42A656A}.Debug|x86.Build.0 = Debug|Any CPU
		{7A098536-0060-4276-A0D5-1BCCD42A656A}.Release|x86.ActiveCfg = Release|Any CPU
		{7A098536-0060-4276-A0D5-1BCCD42A656A}.Release|x86.Build.0 = Release|Any CPU
		{FB13A29D-4490-470D-84AD-E1CECAD09E04}.Debug|x86.ActiveCfg = Debug|Any CPU
		{FB13A29D-4490-470D-84AD-E1CECAD09E04}.Debug|x86.Build.0 = Debug|Any CPU
		{FB13A29D-4490-470D-84AD-E1CECAD09E04}.Release|x86.ActiveCfg = Release|Any CPU
		{FB13A29D-4490-470D-84AD-E1CECAD09E04}.Release|x86.Build.0 = Release|Any CPU
		{911027CC-F693-4117-9A63-C502D1EF9D1B}.Debug|x86.ActiveCfg = Debug|Any CPU
		{911027CC-F693-4117-9A63-C502D1EF9D1B}.Debug|x86.Build.0 = Debug|Any CPU
		{911027CC-F693-4117-9A63-C502D1EF9D1B}.Release|x86.ActiveCfg = Release|Any CPU
		{911027CC-F693-4117-9A63-C502D1EF9D1B}.Release|x86.Build.0 = Release|Any CPU
	EndGlobalSection
EndGlobal
