
Microsoft Visual Studio Solution File, Format Version 12.00
# Visual Studio 2012
Project("{f2a71f9b-5d33-465a-a702-920d77279786}") = "Consensus", "Consensus\Consensus.fsproj", "{50605A21-04D2-4E72-B943-32F24676373D}"
EndProject
Project("{9344BDBB-3E7F-41FC-A0DD-8665D75EE146}") = "Compatibility", "Compatibility\Compatibility.csproj", "{A13DB245-ECDC-49AE-B320-3EA6157A2FBB}"
EndProject
Project("{9344BDBB-3E7F-41FC-A0DD-8665D75EE146}") = "Wallet.core", "Wallet.core\Wallet.core.csproj", "{50074C10-CF5C-4B38-8931-F10B1FA949F2}"
EndProject
Project("{9344BDBB-3E7F-41FC-A0DD-8665D75EE146}") = "Wallet", "Wallet\Wallet.csproj", "{BE8F1A92-10CE-40BF-9A05-604297F570BA}"
EndProject
Project("{9344BDBB-3E7F-41FC-A0DD-8665D75EE146}") = "Wallet.tests", "Wallet.tests\Wallet.tests.csproj", "{B163BC06-1AB2-45AE-8644-98AE757F65BE}"
EndProject
Global
	GlobalSection(SolutionConfigurationPlatforms) = preSolution
		Debug|x86 = Debug|x86
		Release|x86 = Release|x86
	EndGlobalSection
	GlobalSection(ProjectConfigurationPlatforms) = postSolution
		{50605A21-04D2-4E72-B943-32F24676373D}.Debug|x86.ActiveCfg = Debug|Any CPU
		{50605A21-04D2-4E72-B943-32F24676373D}.Debug|x86.Build.0 = Debug|Any CPU
		{50605A21-04D2-4E72-B943-32F24676373D}.Release|x86.ActiveCfg = Release|Any CPU
		{50605A21-04D2-4E72-B943-32F24676373D}.Release|x86.Build.0 = Release|Any CPU
		{A13DB245-ECDC-49AE-B320-3EA6157A2FBB}.Debug|x86.ActiveCfg = Debug|x86
		{A13DB245-ECDC-49AE-B320-3EA6157A2FBB}.Debug|x86.Build.0 = Debug|x86
		{A13DB245-ECDC-49AE-B320-3EA6157A2FBB}.Release|x86.ActiveCfg = Release|x86
		{A13DB245-ECDC-49AE-B320-3EA6157A2FBB}.Release|x86.Build.0 = Release|x86
		{50074C10-CF5C-4B38-8931-F10B1FA949F2}.Debug|x86.ActiveCfg = Debug|Any CPU
		{50074C10-CF5C-4B38-8931-F10B1FA949F2}.Debug|x86.Build.0 = Debug|Any CPU
		{50074C10-CF5C-4B38-8931-F10B1FA949F2}.Release|x86.ActiveCfg = Release|Any CPU
		{50074C10-CF5C-4B38-8931-F10B1FA949F2}.Release|x86.Build.0 = Release|Any CPU
		{BE8F1A92-10CE-40BF-9A05-604297F570BA}.Debug|x86.ActiveCfg = Debug|x86
		{BE8F1A92-10CE-40BF-9A05-604297F570BA}.Debug|x86.Build.0 = Debug|x86
		{BE8F1A92-10CE-40BF-9A05-604297F570BA}.Release|x86.ActiveCfg = Release|x86
		{BE8F1A92-10CE-40BF-9A05-604297F570BA}.Release|x86.Build.0 = Release|x86
		{B163BC06-1AB2-45AE-8644-98AE757F65BE}.Debug|x86.ActiveCfg = Debug|Any CPU
		{B163BC06-1AB2-45AE-8644-98AE757F65BE}.Debug|x86.Build.0 = Debug|Any CPU
		{B163BC06-1AB2-45AE-8644-98AE757F65BE}.Release|x86.ActiveCfg = Release|Any CPU
		{B163BC06-1AB2-45AE-8644-98AE757F65BE}.Release|x86.Build.0 = Release|Any CPU
	EndGlobalSection
EndGlobal
