
Microsoft Visual Studio Solution File, Format Version 12.00
# Visual Studio 2012
Project("{FAE04EC0-301F-11D3-BF4B-00C04F79EFBC}") = "Wallet.core", "Wallet.core\Wallet.core.csproj", "{489ED2E1-7304-41F1-9D6C-2FF3E0532BA8}"
EndProject
Project("{f2a71f9b-5d33-465a-a702-920d77279786}") = "Consensus", "Consensus\Consensus.fsproj", "{50605A21-04D2-4E72-B943-32F24676373D}"
EndProject
Project("{9344BDBB-3E7F-41FC-A0DD-8665D75EE146}") = "Wallet", "Wallet\Wallet.csproj", "{22A0AB47-39E8-46AB-B73E-C61C43CBDB4E}"
EndProject
Project("{9344BDBB-3E7F-41FC-A0DD-8665D75EE146}") = "Wallet.tests", "Wallet.tests\Wallet.tests.csproj", "{86AA5A29-12BD-4579-A385-797270F4F8F6}"
EndProject
Project("{9344BDBB-3E7F-41FC-A0DD-8665D75EE146}") = "TestMsgPack", "TestMsgPack\TestMsgPack.fsproj", "{989B08F5-C827-4108-B4B3-D77355967F58}"
EndProject
Project("{9344BDBB-3E7F-41FC-A0DD-8665D75EE146}") = "Compatibility", "Compatibility\Compatibility.csproj", "{4F27A8CE-26FF-4A68-AF51-E47CC9492408}"
EndProject
Global
	GlobalSection(SolutionConfigurationPlatforms) = preSolution
		Debug|x86 = Debug|x86
		Release|x86 = Release|x86
	EndGlobalSection
	GlobalSection(ProjectConfigurationPlatforms) = postSolution
		{489ED2E1-7304-41F1-9D6C-2FF3E0532BA8}.Debug|x86.ActiveCfg = Debug|Any CPU
		{489ED2E1-7304-41F1-9D6C-2FF3E0532BA8}.Debug|x86.Build.0 = Debug|Any CPU
		{489ED2E1-7304-41F1-9D6C-2FF3E0532BA8}.Release|x86.ActiveCfg = Release|Any CPU
		{489ED2E1-7304-41F1-9D6C-2FF3E0532BA8}.Release|x86.Build.0 = Release|Any CPU
		{50605A21-04D2-4E72-B943-32F24676373D}.Debug|x86.ActiveCfg = Debug|Any CPU
		{50605A21-04D2-4E72-B943-32F24676373D}.Debug|x86.Build.0 = Debug|Any CPU
		{50605A21-04D2-4E72-B943-32F24676373D}.Release|x86.ActiveCfg = Release|Any CPU
		{50605A21-04D2-4E72-B943-32F24676373D}.Release|x86.Build.0 = Release|Any CPU
		{22A0AB47-39E8-46AB-B73E-C61C43CBDB4E}.Debug|x86.ActiveCfg = Debug|x86
		{22A0AB47-39E8-46AB-B73E-C61C43CBDB4E}.Debug|x86.Build.0 = Debug|x86
		{22A0AB47-39E8-46AB-B73E-C61C43CBDB4E}.Release|x86.ActiveCfg = Release|x86
		{22A0AB47-39E8-46AB-B73E-C61C43CBDB4E}.Release|x86.Build.0 = Release|x86
		{86AA5A29-12BD-4579-A385-797270F4F8F6}.Debug|x86.ActiveCfg = Debug|Any CPU
		{86AA5A29-12BD-4579-A385-797270F4F8F6}.Debug|x86.Build.0 = Debug|Any CPU
		{86AA5A29-12BD-4579-A385-797270F4F8F6}.Release|x86.ActiveCfg = Release|Any CPU
		{86AA5A29-12BD-4579-A385-797270F4F8F6}.Release|x86.Build.0 = Release|Any CPU
		{989B08F5-C827-4108-B4B3-D77355967F58}.Debug|x86.ActiveCfg = Debug|x86
		{989B08F5-C827-4108-B4B3-D77355967F58}.Debug|x86.Build.0 = Debug|x86
		{989B08F5-C827-4108-B4B3-D77355967F58}.Release|x86.ActiveCfg = Release|x86
		{989B08F5-C827-4108-B4B3-D77355967F58}.Release|x86.Build.0 = Release|x86
		{4F27A8CE-26FF-4A68-AF51-E47CC9492408}.Debug|x86.ActiveCfg = Debug|x86
		{4F27A8CE-26FF-4A68-AF51-E47CC9492408}.Debug|x86.Build.0 = Debug|x86
		{4F27A8CE-26FF-4A68-AF51-E47CC9492408}.Release|x86.ActiveCfg = Release|x86
		{4F27A8CE-26FF-4A68-AF51-E47CC9492408}.Release|x86.Build.0 = Release|x86
	EndGlobalSection
EndGlobal
